
Microsoft Visual Studio Solution File, Format Version 12.00
# Visual Studio Version 17
VisualStudioVersion = 17.2.32519.379
MinimumVisualStudioVersion = 10.0.40219.1
Project("{2150E333-8FDC-42A3-9474-1A3956D46DE8}") = "Section3.10", "Section3.10", "{53ABCEF4-FAB0-4A3E-8E41-F9A1310A9134}"
EndProject
Project("{FAE04EC0-301F-11D3-BF4B-00C04F79EFBC}") = "Task1,2,3", "Task1,2,3\Task1,2,3.csproj", "{A81F4260-DFA9-46C6-A778-98E25DE3EC11}"
EndProject
Global
	GlobalSection(SolutionConfigurationPlatforms) = preSolution
		Debug|Any CPU = Debug|Any CPU
		Release|Any CPU = Release|Any CPU
	EndGlobalSection
	GlobalSection(ProjectConfigurationPlatforms) = postSolution
		{A81F4260-DFA9-46C6-A778-98E25DE3EC11}.Debug|Any CPU.ActiveCfg = Debug|Any CPU
		{A81F4260-DFA9-46C6-A778-98E25DE3EC11}.Debug|Any CPU.Build.0 = Debug|Any CPU
		{A81F4260-DFA9-46C6-A778-98E25DE3EC11}.Release|Any CPU.ActiveCfg = Release|Any CPU
		{A81F4260-DFA9-46C6-A778-98E25DE3EC11}.Release|Any CPU.Build.0 = Release|Any CPU
	EndGlobalSection
	GlobalSection(SolutionProperties) = preSolution
		HideSolutionNode = FALSE
	EndGlobalSection
	GlobalSection(NestedProjects) = preSolution
		{A81F4260-DFA9-46C6-A778-98E25DE3EC11} = {53ABCEF4-FAB0-4A3E-8E41-F9A1310A9134}
	EndGlobalSection
	GlobalSection(ExtensibilityGlobals) = postSolution
		SolutionGuid = {2A4AE1B9-5F77-48A5-8271-7C63F0704E24}
	EndGlobalSection
EndGlobal
